
Microsoft Visual Studio Solution File, Format Version 12.00
# Visual Studio Version 17
VisualStudioVersion = 17.12.35527.113 d17.12
MinimumVisualStudioVersion = 10.0.40219.1
Project("{FAE04EC0-301F-11D3-BF4B-00C04F79EFBC}") = "E_Commerce__API", "E_Commerce__API\E_Commerce__API.csproj", "{630FD828-7E14-478A-9164-D5DAF95ADE4E}"
EndProject
Project("{FAE04EC0-301F-11D3-BF4B-00C04F79EFBC}") = "DAL", "DAL\DAL.csproj", "{715137B0-74DD-4CB4-9C2A-FBE32FDA7063}"
EndProject
Project("{FAE04EC0-301F-11D3-BF4B-00C04F79EFBC}") = "BLL", "BLL\BLL.csproj", "{9E574F1C-5CF5-4128-8A4D-B4D5D2D798FF}"
EndProject
Global
	GlobalSection(SolutionConfigurationPlatforms) = preSolution
		Debug|Any CPU = Debug|Any CPU
		Release|Any CPU = Release|Any CPU
	EndGlobalSection
	GlobalSection(ProjectConfigurationPlatforms) = postSolution
		{630FD828-7E14-478A-9164-D5DAF95ADE4E}.Debug|Any CPU.ActiveCfg = Debug|Any CPU
		{630FD828-7E14-478A-9164-D5DAF95ADE4E}.Debug|Any CPU.Build.0 = Debug|Any CPU
		{630FD828-7E14-478A-9164-D5DAF95ADE4E}.Release|Any CPU.ActiveCfg = Release|Any CPU
		{630FD828-7E14-478A-9164-D5DAF95ADE4E}.Release|Any CPU.Build.0 = Release|Any CPU
		{715137B0-74DD-4CB4-9C2A-FBE32FDA7063}.Debug|Any CPU.ActiveCfg = Debug|Any CPU
		{715137B0-74DD-4CB4-9C2A-FBE32FDA7063}.Debug|Any CPU.Build.0 = Debug|Any CPU
		{715137B0-74DD-4CB4-9C2A-FBE32FDA7063}.Release|Any CPU.ActiveCfg = Release|Any CPU
		{715137B0-74DD-4CB4-9C2A-FBE32FDA7063}.Release|Any CPU.Build.0 = Release|Any CPU
		{9E574F1C-5CF5-4128-8A4D-B4D5D2D798FF}.Debug|Any CPU.ActiveCfg = Debug|Any CPU
		{9E574F1C-5CF5-4128-8A4D-B4D5D2D798FF}.Debug|Any CPU.Build.0 = Debug|Any CPU
		{9E574F1C-5CF5-4128-8A4D-B4D5D2D798FF}.Release|Any CPU.ActiveCfg = Release|Any CPU
		{9E574F1C-5CF5-4128-8A4D-B4D5D2D798FF}.Release|Any CPU.Build.0 = Release|Any CPU
	EndGlobalSection
	GlobalSection(SolutionProperties) = preSolution
		HideSolutionNode = FALSE
	EndGlobalSection
EndGlobal
